
Microsoft Visual Studio Solution File, Format Version 12.00
# Visual Studio Version 16
VisualStudioVersion = 16.0.29911.84
MinimumVisualStudioVersion = 10.0.40219.1
Project("{888888A0-9F3D-457C-B088-3A5042F75D52}") = "Hospital HMIS", "Hospital HMIS\Hospital HMIS.pyproj", "{DBCF89C7-06D1-42BC-9A8E-8A9E1195710D}"
EndProject
Global
	GlobalSection(SolutionConfigurationPlatforms) = preSolution
		Debug|Any CPU = Debug|Any CPU
		Release|Any CPU = Release|Any CPU
	EndGlobalSection
	GlobalSection(ProjectConfigurationPlatforms) = postSolution
		{DBCF89C7-06D1-42BC-9A8E-8A9E1195710D}.Debug|Any CPU.ActiveCfg = Debug|Any CPU
		{DBCF89C7-06D1-42BC-9A8E-8A9E1195710D}.Debug|Any CPU.Build.0 = Debug|Any CPU
		{DBCF89C7-06D1-42BC-9A8E-8A9E1195710D}.Release|Any CPU.ActiveCfg = Release|Any CPU
		{DBCF89C7-06D1-42BC-9A8E-8A9E1195710D}.Release|Any CPU.Build.0 = Release|Any CPU
	EndGlobalSection
	GlobalSection(SolutionProperties) = preSolution
		HideSolutionNode = FALSE
	EndGlobalSection
	GlobalSection(ExtensibilityGlobals) = postSolution
		SolutionGuid = {E9F385C8-E645-4B0E-A73C-52F2C3EAA996}
	EndGlobalSection
EndGlobal
